
Microsoft Visual Studio Solution File, Format Version 12.00
# Visual Studio Version 16
VisualStudioVersion = 16.0.30320.27
MinimumVisualStudioVersion = 15.0.26124.0
Project("{9A19103F-16F7-4668-BE54-9A1E7A4F7556}") = "WebTwitchAuth", "src\WebTwitchAuth.csproj", "{C96AD2B6-FE70-4AF6-A3E1-184DF43933BD}"
EndProject
Global
	GlobalSection(SolutionConfigurationPlatforms) = preSolution
		Debug|Any CPU = Debug|Any CPU
		Debug|x64 = Debug|x64
		Debug|x86 = Debug|x86
		Release|Any CPU = Release|Any CPU
		Release|x64 = Release|x64
		Release|x86 = Release|x86
	EndGlobalSection
	GlobalSection(ProjectConfigurationPlatforms) = postSolution
		{C96AD2B6-FE70-4AF6-A3E1-184DF43933BD}.Debug|Any CPU.ActiveCfg = Debug|Any CPU
		{C96AD2B6-FE70-4AF6-A3E1-184DF43933BD}.Debug|Any CPU.Build.0 = Debug|Any CPU
		{C96AD2B6-FE70-4AF6-A3E1-184DF43933BD}.Debug|x64.ActiveCfg = Debug|Any CPU
		{C96AD2B6-FE70-4AF6-A3E1-184DF43933BD}.Debug|x64.Build.0 = Debug|Any CPU
		{C96AD2B6-FE70-4AF6-A3E1-184DF43933BD}.Debug|x86.ActiveCfg = Debug|Any CPU
		{C96AD2B6-FE70-4AF6-A3E1-184DF43933BD}.Debug|x86.Build.0 = Debug|Any CPU
		{C96AD2B6-FE70-4AF6-A3E1-184DF43933BD}.Release|Any CPU.ActiveCfg = Release|Any CPU
		{C96AD2B6-FE70-4AF6-A3E1-184DF43933BD}.Release|Any CPU.Build.0 = Release|Any CPU
		{C96AD2B6-FE70-4AF6-A3E1-184DF43933BD}.Release|x64.ActiveCfg = Release|Any CPU
		{C96AD2B6-FE70-4AF6-A3E1-184DF43933BD}.Release|x64.Build.0 = Release|Any CPU
		{C96AD2B6-FE70-4AF6-A3E1-184DF43933BD}.Release|x86.ActiveCfg = Release|Any CPU
		{C96AD2B6-FE70-4AF6-A3E1-184DF43933BD}.Release|x86.Build.0 = Release|Any CPU
	EndGlobalSection
	GlobalSection(SolutionProperties) = preSolution
		HideSolutionNode = FALSE
	EndGlobalSection
	GlobalSection(ExtensibilityGlobals) = postSolution
		SolutionGuid = {BD811EE8-9575-486E-8334-749C05CFDFEE}
	EndGlobalSection
EndGlobal
